
Microsoft Visual Studio Solution File, Format Version 11.00
# Visual Studio 2010
Project("{FAE04EC0-301F-11D3-BF4B-00C04F79EFBC}") = "prencar", "prencar\prencar.csproj", "{82F11EEF-CE10-4B83-8E73-4F9EDA725DFC}"
EndProject
Project("{FAE04EC0-301F-11D3-BF4B-00C04F79EFBC}") = "prencarTest", "prencarTest\prencarTest.csproj", "{B8A289AD-09D7-4C54-A800-AAAF911D964D}"
EndProject
Project("{2150E333-8FDC-42A3-9474-1A3956D46DE8}") = "Solution Items", "Solution Items", "{A8713BB2-8D70-406C-9B45-BAF64FFC3EEB}"
	ProjectSection(SolutionItems) = preProject
		Local.testsettings = Local.testsettings
		prencar.vsmdi = prencar.vsmdi
		TraceAndTestImpact.testsettings = TraceAndTestImpact.testsettings
	EndProjectSection
EndProject
Global
	GlobalSection(TestCaseManagementSettings) = postSolution
		CategoryFile = prencar.vsmdi
	EndGlobalSection
	GlobalSection(SolutionConfigurationPlatforms) = preSolution
		Debug|Any CPU = Debug|Any CPU
		Debug|Mixed Platforms = Debug|Mixed Platforms
		Debug|x86 = Debug|x86
		Release|Any CPU = Release|Any CPU
		Release|Mixed Platforms = Release|Mixed Platforms
		Release|x86 = Release|x86
	EndGlobalSection
	GlobalSection(ProjectConfigurationPlatforms) = postSolution
		{82F11EEF-CE10-4B83-8E73-4F9EDA725DFC}.Debug|Any CPU.ActiveCfg = Debug|x86
		{82F11EEF-CE10-4B83-8E73-4F9EDA725DFC}.Debug|Mixed Platforms.ActiveCfg = Debug|x86
		{82F11EEF-CE10-4B83-8E73-4F9EDA725DFC}.Debug|Mixed Platforms.Build.0 = Debug|x86
		{82F11EEF-CE10-4B83-8E73-4F9EDA725DFC}.Debug|x86.ActiveCfg = Debug|x86
		{82F11EEF-CE10-4B83-8E73-4F9EDA725DFC}.Debug|x86.Build.0 = Debug|x86
		{82F11EEF-CE10-4B83-8E73-4F9EDA725DFC}.Release|Any CPU.ActiveCfg = Release|x86
		{82F11EEF-CE10-4B83-8E73-4F9EDA725DFC}.Release|Mixed Platforms.ActiveCfg = Release|x86
		{82F11EEF-CE10-4B83-8E73-4F9EDA725DFC}.Release|Mixed Platforms.Build.0 = Release|x86
		{82F11EEF-CE10-4B83-8E73-4F9EDA725DFC}.Release|x86.ActiveCfg = Release|x86
		{82F11EEF-CE10-4B83-8E73-4F9EDA725DFC}.Release|x86.Build.0 = Release|x86
		{B8A289AD-09D7-4C54-A800-AAAF911D964D}.Debug|Any CPU.ActiveCfg = Debug|Any CPU
		{B8A289AD-09D7-4C54-A800-AAAF911D964D}.Debug|Any CPU.Build.0 = Debug|Any CPU
		{B8A289AD-09D7-4C54-A800-AAAF911D964D}.Debug|Mixed Platforms.ActiveCfg = Debug|Any CPU
		{B8A289AD-09D7-4C54-A800-AAAF911D964D}.Debug|Mixed Platforms.Build.0 = Debug|Any CPU
		{B8A289AD-09D7-4C54-A800-AAAF911D964D}.Debug|x86.ActiveCfg = Debug|Any CPU
		{B8A289AD-09D7-4C54-A800-AAAF911D964D}.Release|Any CPU.ActiveCfg = Release|Any CPU
		{B8A289AD-09D7-4C54-A800-AAAF911D964D}.Release|Any CPU.Build.0 = Release|Any CPU
		{B8A289AD-09D7-4C54-A800-AAAF911D964D}.Release|Mixed Platforms.ActiveCfg = Release|Any CPU
		{B8A289AD-09D7-4C54-A800-AAAF911D964D}.Release|Mixed Platforms.Build.0 = Release|Any CPU
		{B8A289AD-09D7-4C54-A800-AAAF911D964D}.Release|x86.ActiveCfg = Release|Any CPU
	EndGlobalSection
	GlobalSection(SolutionProperties) = preSolution
		HideSolutionNode = FALSE
	EndGlobalSection
EndGlobal
